# THIS IS AN AUTOGENERATED FILE. DO NOT EDIT THIS FILE DIRECTLY.
# yarn lockfile v1


"@react-spring/animated@~9.2.0":
  version "9.2.3"
  resolved "https://registry.yarnpkg.com/@react-spring/animated/-/animated-9.2.3.tgz#271226099d356b7b6d99240375dd8f62f450e997"
  integrity sha512-xxYOxxrk4r+yy218lVnkR027GXGvHcadDnnXRW0l6atcL+1AGYwimMwIuvzlvnsVnyoK0YUABEeGjk9ENOrVMQ==
  dependencies:
    "@react-spring/shared" "~9.2.0"
    "@react-spring/types" "~9.2.0"

"@react-spring/core@~9.2.0":
  version "9.2.3"
  resolved "https://registry.yarnpkg.com/@react-spring/core/-/core-9.2.3.tgz#b3926ef8f2694bfb251318d7b44abac1fa5321d0"
  integrity sha512-8qJbj0xjjoYGVqdmNd2bVaFzKSAwrMVLweHkaYJiTY6p0g7LhSdt5KSl1MjYA4Rj6S4wO1KgefAPK6mH6MtGtA==
  dependencies:
    "@react-spring/animated" "~9.2.0"
    "@react-spring/shared" "~9.2.0"
    "@react-spring/types" "~9.2.0"

"@react-spring/konva@~9.2.0":
  version "9.2.3"
  resolved "https://registry.yarnpkg.com/@react-spring/konva/-/konva-9.2.3.tgz#7a0a1cd7b2b365c7e9c6a14002c3ec6f37f3663a"
  integrity sha512-lycvgmlag3/CeemuoI2bTVgu/LK98VzNTyBClXyppduGwGwR/iJPYjOFraL7pTKyEGp2qMCo1URISc6W43PkQg==
  dependencies:
    "@react-spring/animated" "~9.2.0"
    "@react-spring/core" "~9.2.0"
    "@react-spring/shared" "~9.2.0"
    "@react-spring/types" "~9.2.0"

"@react-spring/native@~9.2.0":
  version "9.2.3"
  resolved "https://registry.yarnpkg.com/@react-spring/native/-/native-9.2.3.tgz#a98c43fad6322e9c77e0fad602f83caf56f45c93"
  integrity sha512-odPk/NfMgLTp9bh4Rz2joWKMiNIC4/n+m60lGG0Eznmg3nYgtZ5+GMcph3A5dn5XWJGLywxrPiy8/wf+5LaVtA==
  dependencies:
    "@react-spring/animated" "~9.2.0"
    "@react-spring/core" "~9.2.0"
    "@react-spring/shared" "~9.2.0"
    "@react-spring/types" "~9.2.0"

"@react-spring/rafz@~9.2.0":
  version "9.2.3"
  resolved "https://registry.yarnpkg.com/@react-spring/rafz/-/rafz-9.2.3.tgz#ffde337240b6880a2488d3ca67e4b01688881793"
  integrity sha512-ThBI3HWp1Y82uRSFVpoykwgM3M9s3SJD6ilKKp9C2OTPcGhWiRGt1IMjzKPwB+F1NX3psbPTt30Bev8WzA/DQQ==

"@react-spring/shared@~9.2.0":
  version "9.2.3"
  resolved "https://registry.yarnpkg.com/@react-spring/shared/-/shared-9.2.3.tgz#eaa4a4e6bf4f43d10b4a5c920a917e84047ac50e"
  integrity sha512-MehdmKao1oUAwSEJo8BXOz1OGgsSav/dimD1Vz920hirShj9s/I4zKnWtkdK92xQ4n35D/xD3hATHkXbt/WSvg==
  dependencies:
    "@react-spring/rafz" "~9.2.0"
    "@react-spring/types" "~9.2.0"

"@react-spring/three@~9.2.0":
  version "9.2.3"
  resolved "https://registry.yarnpkg.com/@react-spring/three/-/three-9.2.3.tgz#1871a6c7dcb20ab284b8ce4af1805c86c9bb27ed"
  integrity sha512-DMns/lTWmJ7EFJHf+7CERBAUWWZ314FPQGAcOXFHvMXfxfzBwV8/HGuvlKcdNsTqXfCi3PcYQEAWhpFF/YgVbA==
  dependencies:
    "@react-spring/animated" "~9.2.0"
    "@react-spring/core" "~9.2.0"
    "@react-spring/shared" "~9.2.0"
    "@react-spring/types" "~9.2.0"

"@react-spring/types@~9.2.0":
  version "9.2.3"
  resolved "https://registry.yarnpkg.com/@react-spring/types/-/types-9.2.3.tgz#08b5ca1cb262328529ee558796395f073b6029b0"
  integrity sha512-G7AWUJavwsvvvprnYmqUXE5N1XKINktc8V72ipvkFTE3DD3GApYpX/ORNmieJljKJYvBSBzpRSIzk2qELUs30Q==

"@react-spring/web@~9.2.0":
  version "9.2.3"
  resolved "https://registry.yarnpkg.com/@react-spring/web/-/web-9.2.3.tgz#b9037719b489863ca2ad39caaacff6d315bbaea8"
  integrity sha512-dWRcgVDbO2UI9I03n/HVmCx9tY++Na+RwRzkzXv3E53BcFsjvnWGArnpj+xE/XgXiaII3ep2RmUj5jyYoukqGg==
  dependencies:
    "@react-spring/animated" "~9.2.0"
    "@react-spring/core" "~9.2.0"
    "@react-spring/shared" "~9.2.0"
    "@react-spring/types" "~9.2.0"

"@react-spring/zdog@~9.2.0":
  version "9.2.3"
  resolved "https://registry.yarnpkg.com/@react-spring/zdog/-/zdog-9.2.3.tgz#f41cf4f99ddde1cbb9a4c76202a4d2bf8d4b9886"
  integrity sha512-Ne06eVaV/SQrtdMixLPmkfO2mhoqpkPEAsqW92Bh+hODdEdPwVvexitKPx29uc6F2/zOu9t8NAJfqbOsq3j1Hw==
  dependencies:
    "@react-spring/animated" "~9.2.0"
    "@react-spring/core" "~9.2.0"
    "@react-spring/shared" "~9.2.0"
    "@react-spring/types" "~9.2.0"

react-spring@^9.2.3:
  version "9.2.3"
  resolved "https://registry.yarnpkg.com/react-spring/-/react-spring-9.2.3.tgz#ff644f8857782389b47171239ee8dead372ebd46"
  integrity sha512-D3fx9A7UjX4yp35TM3YxbhzKhjq6nFaEs4/RkKT+/Ch732opG6iUek9jt+mwR1bST29aa9Da6mWipAtQbD2U3g==
  dependencies:
    "@react-spring/core" "~9.2.0"
    "@react-spring/konva" "~9.2.0"
    "@react-spring/native" "~9.2.0"
    "@react-spring/three" "~9.2.0"
    "@react-spring/web" "~9.2.0"
    "@react-spring/zdog" "~9.2.0"
